// !$*UTF8*$!
{
	archiveVersion = 1;
	classes = {
	};
	objectVersion = 52;
	objects = {

/* Begin PBXBuildFile section */
		D838703823BC772C00B23A7E /* LottieView.swift in Sources */ = {isa = PBXBuildFile; fileRef = D838703723BC772C00B23A7E /* LottieView.swift */; };
		D841B51A23BB525F0071812B /* ContentView.swift in Sources */ = {isa = PBXBuildFile; fileRef = D841B51923BB525F0071812B /* ContentView.swift */; };
		D841B51E23BB8DE10071812B /* ViewRouter.swift in Sources */ = {isa = PBXBuildFile; fileRef = D841B51D23BB8DE10071812B /* ViewRouter.swift */; };
		D843435E23BC809A00D33552 /* BuildFile in Frameworks */ = {isa = PBXBuildFile; productRef = D843435D23BC809A00D33552 /* SwiftPackageProductDependency */; };
		D843436023BC899F00D33552 /* TabedView.swift in Sources */ = {isa = PBXBuildFile; fileRef = D843435F23BC899F00D33552 /* TabedView.swift */; };
		D86A9A8C23A82C3C0047A744 /* AppDelegate.swift in Sources */ = {isa = PBXBuildFile; fileRef = D86A9A8B23A82C3C0047A744 /* AppDelegate.swift */; };
		D86A9A8E23A82C3C0047A744 /* SceneDelegate.swift in Sources */ = {isa = PBXBuildFile; fileRef = D86A9A8D23A82C3C0047A744 /* SceneDelegate.swift */; };
		D86A9A9523A82C3C0047A744 /* Assets.xcassets in Resources */ = {isa = PBXBuildFile; fileRef = D86A9A9423A82C3C0047A744 /* Assets.xcassets */; };
		D86A9A9823A82C3C0047A744 /* Preview Assets.xcassets in Resources */ = {isa = PBXBuildFile; fileRef = D86A9A9723A82C3C0047A744 /* Preview Assets.xcassets */; };
		D86A9A9B23A82C3C0047A744 /* LaunchScreen.storyboard in Resources */ = {isa = PBXBuildFile; fileRef = D86A9A9923A82C3C0047A744 /* LaunchScreen.storyboard */; };
		D88EC10C23BC6E4F00E623F5 /* Container.swift in Sources */ = {isa = PBXBuildFile; fileRef = D88EC10B23BC6E4F00E623F5 /* Container.swift */; };
		D88EC10E23BC6E7E00E623F5 /* ArticlesFromCategoryView.swift in Sources */ = {isa = PBXBuildFile; fileRef = D88EC10D23BC6E7E00E623F5 /* ArticlesFromCategoryView.swift */; };
		D89AD9EB23BBA98A006540EB /* BuildFile in Frameworks */ = {isa = PBXBuildFile; productRef = D89AD9EA23BBA98A006540EB /* SwiftPackageProductDependency */; };
		D89AD9F323BBAA25006540EB /* APIErrors.swift in Sources */ = {isa = PBXBuildFile; fileRef = D89AD9F223BBAA25006540EB /* APIErrors.swift */; };
		D89AD9F523BBAA44006540EB /* APIProvider.swift in Sources */ = {isa = PBXBuildFile; fileRef = D89AD9F423BBAA44006540EB /* APIProvider.swift */; };
		D89AD9F723BBAA63006540EB /* APIProviderErrors.swift in Sources */ = {isa = PBXBuildFile; fileRef = D89AD9F623BBAA63006540EB /* APIProviderErrors.swift */; };
		D89AD9F923BBAA82006540EB /* EndpointProtocol.swift in Sources */ = {isa = PBXBuildFile; fileRef = D89AD9F823BBAA82006540EB /* EndpointProtocol.swift */; };
		D89AD9FB23BBAA9A006540EB /* ArticleEndpoint.swift in Sources */ = {isa = PBXBuildFile; fileRef = D89AD9FA23BBAA9A006540EB /* ArticleEndpoint.swift */; };
		D89ADA0023BBAAE2006540EB /* Articles.swift in Sources */ = {isa = PBXBuildFile; fileRef = D89AD9FF23BBAAE2006540EB /* Articles.swift */; };
		D89ADA0223BBAAF5006540EB /* ArticleSource.swift in Sources */ = {isa = PBXBuildFile; fileRef = D89ADA0123BBAAF5006540EB /* ArticleSource.swift */; };
		D89ADA0423BBAB10006540EB /* ArticlesResponse.swift in Sources */ = {isa = PBXBuildFile; fileRef = D89ADA0323BBAB10006540EB /* ArticlesResponse.swift */; };
		D89ADA0623BBAB27006540EB /* Sources.swift in Sources */ = {isa = PBXBuildFile; fileRef = D89ADA0523BBAB27006540EB /* Sources.swift */; };
		D89ADA0823BBAB41006540EB /* SourcesResponse.swift in Sources */ = {isa = PBXBuildFile; fileRef = D89ADA0723BBAB41006540EB /* SourcesResponse.swift */; };
		D89ADA0A23BBAB6B006540EB /* String+Extension.swift in Sources */ = {isa = PBXBuildFile; fileRef = D89ADA0923BBAB6B006540EB /* String+Extension.swift */; };
		D89ADA0E23BBAB9B006540EB /* Date+Extension.swift in Sources */ = {isa = PBXBuildFile; fileRef = D89ADA0D23BBAB9B006540EB /* Date+Extension.swift */; };
		D89ADA1323BBABFE006540EB /* ActivityIndicator.swift in Sources */ = {isa = PBXBuildFile; fileRef = D89ADA1223BBABFE006540EB /* ActivityIndicator.swift */; };
		D89ADA1523BBAC22006540EB /* SafariView.swift in Sources */ = {isa = PBXBuildFile; fileRef = D89ADA1423BBAC22006540EB /* SafariView.swift */; };
		D89ADA1723BBAC4B006540EB /* ArticlesList.swift in Sources */ = {isa = PBXBuildFile; fileRef = D89ADA1623BBAC4B006540EB /* ArticlesList.swift */; };
		D89ADA1923BBAC65006540EB /* ArticleRow.swift in Sources */ = {isa = PBXBuildFile; fileRef = D89ADA1823BBAC65006540EB /* ArticleRow.swift */; };
		D89ADA1E23BBAD85006540EB /* NewsView.swift in Sources */ = {isa = PBXBuildFile; fileRef = D89ADA1D23BBAD85006540EB /* NewsView.swift */; };
		D89ADA2023BBADA1006540EB /* NewsViewModel.swift in Sources */ = {isa = PBXBuildFile; fileRef = D89ADA1F23BBADA1006540EB /* NewsViewModel.swift */; };
		D89ADA2223BBAE0F006540EB /* TopHeadlinesView.swift in Sources */ = {isa = PBXBuildFile; fileRef = D89ADA2123BBAE0F006540EB /* TopHeadlinesView.swift */; };
		D89ADA2423BBAE24006540EB /* TopHeadlineRow.swift in Sources */ = {isa = PBXBuildFile; fileRef = D89ADA2323BBAE24006540EB /* TopHeadlineRow.swift */; };
		D89ADA2623BBAE3E006540EB /* PageViewController.swift in Sources */ = {isa = PBXBuildFile; fileRef = D89ADA2523BBAE3E006540EB /* PageViewController.swift */; };
		D89ADA2823BBAE53006540EB /* PageView.swift in Sources */ = {isa = PBXBuildFile; fileRef = D89ADA2723BBAE53006540EB /* PageView.swift */; };
		D89ADA2C23BBAE90006540EB /* ArticlesFromCategoryViewModel.swift in Sources */ = {isa = PBXBuildFile; fileRef = D89ADA2B23BBAE90006540EB /* ArticlesFromCategoryViewModel.swift */; };
		D89DB29623BC721600B9A919 /* BlurView.swift in Sources */ = {isa = PBXBuildFile; fileRef = D89DB29523BC721600B9A919 /* BlurView.swift */; };
		D8B5C20C23B643BB008958AD /* Localizable.strings in Resources */ = {isa = PBXBuildFile; fileRef = D8B5C20E23B643BB008958AD /* Localizable.strings */; };
		D8C7ACF223AD2E600074B378 /* CitizenModel.xcdatamodeld in Sources */ = {isa = PBXBuildFile; fileRef = D8C7ACF023AD2E600074B378 /* CitizenModel.xcdatamodeld */; };
/* End PBXBuildFile section */

/* Begin PBXFileReference section */
		D838703723BC772C00B23A7E /* LottieView.swift */ = {isa = PBXFileReference; lastKnownFileType = sourcecode.swift; path = LottieView.swift; sourceTree = "<group>"; };
		D841B51923BB525F0071812B /* ContentView.swift */ = {isa = PBXFileReference; lastKnownFileType = sourcecode.swift; path = ContentView.swift; sourceTree = "<group>"; };
		D841B51D23BB8DE10071812B /* ViewRouter.swift */ = {isa = PBXFileReference; fileEncoding = 4; lastKnownFileType = sourcecode.swift; path = ViewRouter.swift; sourceTree = "<group>"; };
		D843435F23BC899F00D33552 /* TabedView.swift */ = {isa = PBXFileReference; lastKnownFileType = sourcecode.swift; path = TabedView.swift; sourceTree = "<group>"; };
		D86A9A8823A82C3C0047A744 /* Diplo.app */ = {isa = PBXFileReference; explicitFileType = wrapper.application; includeInIndex = 0; path = Diplo.app; sourceTree = BUILT_PRODUCTS_DIR; };
		D86A9A8B23A82C3C0047A744 /* AppDelegate.swift */ = {isa = PBXFileReference; lastKnownFileType = sourcecode.swift; path = AppDelegate.swift; sourceTree = "<group>"; };
		D86A9A8D23A82C3C0047A744 /* SceneDelegate.swift */ = {isa = PBXFileReference; lastKnownFileType = sourcecode.swift; path = SceneDelegate.swift; sourceTree = "<group>"; };
		D86A9A9423A82C3C0047A744 /* Assets.xcassets */ = {isa = PBXFileReference; lastKnownFileType = folder.assetcatalog; path = Assets.xcassets; sourceTree = "<group>"; };
		D86A9A9723A82C3C0047A744 /* Preview Assets.xcassets */ = {isa = PBXFileReference; lastKnownFileType = folder.assetcatalog; path = "Preview Assets.xcassets"; sourceTree = "<group>"; };
		D86A9A9A23A82C3C0047A744 /* Base */ = {isa = PBXFileReference; lastKnownFileType = file.storyboard; name = Base; path = Base.lproj/LaunchScreen.storyboard; sourceTree = "<group>"; };
		D86A9A9C23A82C3C0047A744 /* Info.plist */ = {isa = PBXFileReference; lastKnownFileType = text.plist.xml; path = Info.plist; sourceTree = "<group>"; };
		D88EC10B23BC6E4F00E623F5 /* Container.swift */ = {isa = PBXFileReference; lastKnownFileType = sourcecode.swift; path = Container.swift; sourceTree = "<group>"; };
		D88EC10D23BC6E7E00E623F5 /* ArticlesFromCategoryView.swift */ = {isa = PBXFileReference; lastKnownFileType = sourcecode.swift; path = ArticlesFromCategoryView.swift; sourceTree = "<group>"; };
		D89AD9F223BBAA25006540EB /* APIErrors.swift */ = {isa = PBXFileReference; lastKnownFileType = sourcecode.swift; path = APIErrors.swift; sourceTree = "<group>"; };
		D89AD9F423BBAA44006540EB /* APIProvider.swift */ = {isa = PBXFileReference; lastKnownFileType = sourcecode.swift; path = APIProvider.swift; sourceTree = "<group>"; };
		D89AD9F623BBAA63006540EB /* APIProviderErrors.swift */ = {isa = PBXFileReference; lastKnownFileType = sourcecode.swift; path = APIProviderErrors.swift; sourceTree = "<group>"; };
		D89AD9F823BBAA82006540EB /* EndpointProtocol.swift */ = {isa = PBXFileReference; lastKnownFileType = sourcecode.swift; path = EndpointProtocol.swift; sourceTree = "<group>"; };
		D89AD9FA23BBAA9A006540EB /* ArticleEndpoint.swift */ = {isa = PBXFileReference; lastKnownFileType = sourcecode.swift; path = ArticleEndpoint.swift; sourceTree = "<group>"; };
		D89AD9FF23BBAAE2006540EB /* Articles.swift */ = {isa = PBXFileReference; lastKnownFileType = sourcecode.swift; path = Articles.swift; sourceTree = "<group>"; };
		D89ADA0123BBAAF5006540EB /* ArticleSource.swift */ = {isa = PBXFileReference; lastKnownFileType = sourcecode.swift; path = ArticleSource.swift; sourceTree = "<group>"; };
		D89ADA0323BBAB10006540EB /* ArticlesResponse.swift */ = {isa = PBXFileReference; lastKnownFileType = sourcecode.swift; path = ArticlesResponse.swift; sourceTree = "<group>"; };
		D89ADA0523BBAB27006540EB /* Sources.swift */ = {isa = PBXFileReference; lastKnownFileType = sourcecode.swift; path = Sources.swift; sourceTree = "<group>"; };
		D89ADA0723BBAB41006540EB /* SourcesResponse.swift */ = {isa = PBXFileReference; lastKnownFileType = sourcecode.swift; path = SourcesResponse.swift; sourceTree = "<group>"; };
		D89ADA0923BBAB6B006540EB /* String+Extension.swift */ = {isa = PBXFileReference; lastKnownFileType = sourcecode.swift; path = "String+Extension.swift"; sourceTree = "<group>"; };
		D89ADA0D23BBAB9B006540EB /* Date+Extension.swift */ = {isa = PBXFileReference; lastKnownFileType = sourcecode.swift; path = "Date+Extension.swift"; sourceTree = "<group>"; };
		D89ADA1223BBABFE006540EB /* ActivityIndicator.swift */ = {isa = PBXFileReference; lastKnownFileType = sourcecode.swift; path = ActivityIndicator.swift; sourceTree = "<group>"; };
		D89ADA1423BBAC22006540EB /* SafariView.swift */ = {isa = PBXFileReference; lastKnownFileType = sourcecode.swift; path = SafariView.swift; sourceTree = "<group>"; };
		D89ADA1623BBAC4B006540EB /* ArticlesList.swift */ = {isa = PBXFileReference; lastKnownFileType = sourcecode.swift; path = ArticlesList.swift; sourceTree = "<group>"; };
		D89ADA1823BBAC65006540EB /* ArticleRow.swift */ = {isa = PBXFileReference; lastKnownFileType = sourcecode.swift; path = ArticleRow.swift; sourceTree = "<group>"; };
		D89ADA1D23BBAD85006540EB /* NewsView.swift */ = {isa = PBXFileReference; lastKnownFileType = sourcecode.swift; path = NewsView.swift; sourceTree = "<group>"; };
		D89ADA1F23BBADA1006540EB /* NewsViewModel.swift */ = {isa = PBXFileReference; lastKnownFileType = sourcecode.swift; path = NewsViewModel.swift; sourceTree = "<group>"; };
		D89ADA2123BBAE0F006540EB /* TopHeadlinesView.swift */ = {isa = PBXFileReference; lastKnownFileType = sourcecode.swift; path = TopHeadlinesView.swift; sourceTree = "<group>"; };
		D89ADA2323BBAE24006540EB /* TopHeadlineRow.swift */ = {isa = PBXFileReference; lastKnownFileType = sourcecode.swift; path = TopHeadlineRow.swift; sourceTree = "<group>"; };
		D89ADA2523BBAE3E006540EB /* PageViewController.swift */ = {isa = PBXFileReference; lastKnownFileType = sourcecode.swift; path = PageViewController.swift; sourceTree = "<group>"; };
		D89ADA2723BBAE53006540EB /* PageView.swift */ = {isa = PBXFileReference; lastKnownFileType = sourcecode.swift; path = PageView.swift; sourceTree = "<group>"; };
		D89ADA2B23BBAE90006540EB /* ArticlesFromCategoryViewModel.swift */ = {isa = PBXFileReference; lastKnownFileType = sourcecode.swift; path = ArticlesFromCategoryViewModel.swift; sourceTree = "<group>"; };
		D89DB29523BC721600B9A919 /* BlurView.swift */ = {isa = PBXFileReference; fileEncoding = 4; lastKnownFileType = sourcecode.swift; path = BlurView.swift; sourceTree = "<group>"; };
		D8B5C20D23B643BB008958AD /* de */ = {isa = PBXFileReference; lastKnownFileType = text.plist.strings; name = de; path = de.lproj/Localizable.strings; sourceTree = "<group>"; };
		D8C7ACF123AD2E600074B378 /* Model.xcdatamodel */ = {isa = PBXFileReference; lastKnownFileType = wrapper.xcdatamodel; path = Model.xcdatamodel; sourceTree = "<group>"; };
/* End PBXFileReference section */

/* Begin PBXFrameworksBuildPhase section */
		D86A9A8523A82C3C0047A744 /* Frameworks */ = {
			isa = PBXFrameworksBuildPhase;
			buildActionMask = 2147483647;
			files = (
				D89AD9EB23BBA98A006540EB /* BuildFile in Frameworks */,
				D843435E23BC809A00D33552 /* BuildFile in Frameworks */,
			);
			runOnlyForDeploymentPostprocessing = 0;
		};
/* End PBXFrameworksBuildPhase section */

/* Begin PBXGroup section */
		A8E372946348EF30D42CD14C /* Pods */ = {
			isa = PBXGroup;
			children = (
			);
			path = Pods;
			sourceTree = "<group>";
		};
		D86A9A7F23A82C3C0047A744 = {
			isa = PBXGroup;
			children = (
				D86A9A8A23A82C3C0047A744 /* Diplo */,
				D86A9A8923A82C3C0047A744 /* Products */,
				A8E372946348EF30D42CD14C /* Pods */,
			);
			sourceTree = "<group>";
		};
		D86A9A8923A82C3C0047A744 /* Products */ = {
			isa = PBXGroup;
			children = (
				D86A9A8823A82C3C0047A744 /* Diplo.app */,
			);
			name = Products;
			sourceTree = "<group>";
		};
		D86A9A8A23A82C3C0047A744 /* Diplo */ = {
			isa = PBXGroup;
			children = (
				D89AD9EF23BBA9DA006540EB /* Services */,
				D89AD9EE23BBA9CF006540EB /* Models */,
				D89AD9EC23BBA9AF006540EB /* Tools */,
				D89AD9ED23BBA9BB006540EB /* UI */,
				D86A9A8B23A82C3C0047A744 /* AppDelegate.swift */,
				D86A9A8D23A82C3C0047A744 /* SceneDelegate.swift */,
				D841B51923BB525F0071812B /* ContentView.swift */,
				D841B51D23BB8DE10071812B /* ViewRouter.swift */,
				D86A9A9423A82C3C0047A744 /* Assets.xcassets */,
				D86A9A9923A82C3C0047A744 /* LaunchScreen.storyboard */,
				D86A9A9C23A82C3C0047A744 /* Info.plist */,
				D8B5C20E23B643BB008958AD /* Localizable.strings */,
				D86A9A9623A82C3C0047A744 /* Preview Content */,
			);
			path = Diplo;
			sourceTree = "<group>";
		};
		D86A9A9623A82C3C0047A744 /* Preview Content */ = {
			isa = PBXGroup;
			children = (
				D86A9A9723A82C3C0047A744 /* Preview Assets.xcassets */,
			);
			path = "Preview Content";
			sourceTree = "<group>";
		};
		D88EC10A23BC6DDA00E623F5 /* CoreData */ = {
			isa = PBXGroup;
			children = (
				D8C7ACF023AD2E600074B378 /* CitizenModel.xcdatamodeld */,
			);
			path = CoreData;
			sourceTree = "<group>";
		};
		D89AD9EC23BBA9AF006540EB /* Tools */ = {
			isa = PBXGroup;
			children = (
				D89ADA0923BBAB6B006540EB /* String+Extension.swift */,
				D88EC10B23BC6E4F00E623F5 /* Container.swift */,
				D89ADA0D23BBAB9B006540EB /* Date+Extension.swift */,
				D838703723BC772C00B23A7E /* LottieView.swift */,
				D89DB29523BC721600B9A919 /* BlurView.swift */,
			);
			path = Tools;
			sourceTree = "<group>";
		};
		D89AD9ED23BBA9BB006540EB /* UI */ = {
			isa = PBXGroup;
			children = (
				D89ADA1C23BBAD36006540EB /* HomeView */,
				D89ADA1123BBABE6006540EB /* NewsView */,
				D843435F23BC899F00D33552 /* TabedView.swift */,
				D89ADA1623BBAC4B006540EB /* ArticlesList.swift */,
				D89ADA1823BBAC65006540EB /* ArticleRow.swift */,
				D89ADA1423BBAC22006540EB /* SafariView.swift */,
				D89ADA1223BBABFE006540EB /* ActivityIndicator.swift */,
			);
			path = UI;
			sourceTree = "<group>";
		};
		D89AD9EE23BBA9CF006540EB /* Models */ = {
			isa = PBXGroup;
			children = (
				D88EC10A23BC6DDA00E623F5 /* CoreData */,
				D89AD9FC23BBAAB9006540EB /* News */,
			);
			path = Models;
			sourceTree = "<group>";
		};
		D89AD9EF23BBA9DA006540EB /* Services */ = {
			isa = PBXGroup;
			children = (
				D89AD9F023BBA9EC006540EB /* Network */,
			);
			path = Services;
			sourceTree = "<group>";
		};
		D89AD9F023BBA9EC006540EB /* Network */ = {
			isa = PBXGroup;
			children = (
				D89AD9F123BBA9F8006540EB /* Endpoints */,
				D89AD9F223BBAA25006540EB /* APIErrors.swift */,
				D89AD9F423BBAA44006540EB /* APIProvider.swift */,
				D89AD9F623BBAA63006540EB /* APIProviderErrors.swift */,
			);
			path = Network;
			sourceTree = "<group>";
		};
		D89AD9F123BBA9F8006540EB /* Endpoints */ = {
			isa = PBXGroup;
			children = (
				D89AD9F823BBAA82006540EB /* EndpointProtocol.swift */,
				D89AD9FA23BBAA9A006540EB /* ArticleEndpoint.swift */,
			);
			path = Endpoints;
			sourceTree = "<group>";
		};
		D89AD9FC23BBAAB9006540EB /* News */ = {
			isa = PBXGroup;
			children = (
				D89AD9FE23BBAAC7006540EB /* Sources */,
				D89AD9FD23BBAAC0006540EB /* Articles */,
			);
			path = News;
			sourceTree = "<group>";
		};
		D89AD9FD23BBAAC0006540EB /* Articles */ = {
			isa = PBXGroup;
			children = (
				D89AD9FF23BBAAE2006540EB /* Articles.swift */,
				D89ADA0123BBAAF5006540EB /* ArticleSource.swift */,
				D89ADA0323BBAB10006540EB /* ArticlesResponse.swift */,
			);
			path = Articles;
			sourceTree = "<group>";
		};
		D89AD9FE23BBAAC7006540EB /* Sources */ = {
			isa = PBXGroup;
			children = (
				D89ADA0523BBAB27006540EB /* Sources.swift */,
				D89ADA0723BBAB41006540EB /* SourcesResponse.swift */,
			);
			path = Sources;
			sourceTree = "<group>";
		};
		D89ADA1123BBABE6006540EB /* NewsView */ = {
			isa = PBXGroup;
			children = (
				D89ADA1D23BBAD85006540EB /* NewsView.swift */,
				D89ADA1F23BBADA1006540EB /* NewsViewModel.swift */,
				D89ADA1A23BBACA2006540EB /* TopHeadlines */,
				D89ADA1B23BBACAD006540EB /* ArticlesFromCategory */,
			);
			path = NewsView;
			sourceTree = "<group>";
		};
		D89ADA1A23BBACA2006540EB /* TopHeadlines */ = {
			isa = PBXGroup;
			children = (
				D89ADA2123BBAE0F006540EB /* TopHeadlinesView.swift */,
				D89ADA2323BBAE24006540EB /* TopHeadlineRow.swift */,
				D89ADA2523BBAE3E006540EB /* PageViewController.swift */,
				D89ADA2723BBAE53006540EB /* PageView.swift */,
			);
			path = TopHeadlines;
			sourceTree = "<group>";
		};
		D89ADA1B23BBACAD006540EB /* ArticlesFromCategory */ = {
			isa = PBXGroup;
			children = (
				D88EC10D23BC6E7E00E623F5 /* ArticlesFromCategoryView.swift */,
				D89ADA2B23BBAE90006540EB /* ArticlesFromCategoryViewModel.swift */,
			);
			path = ArticlesFromCategory;
			sourceTree = "<group>";
		};
		D89ADA1C23BBAD36006540EB /* HomeView */ = {
			isa = PBXGroup;
			children = (
			);
			path = HomeView;
			sourceTree = "<group>";
		};
/* End PBXGroup section */

/* Begin PBXNativeTarget section */
		D86A9A8723A82C3C0047A744 /* Diplo */ = {
			isa = PBXNativeTarget;
			buildConfigurationList = D86A9A9F23A82C3C0047A744 /* Build configuration list for PBXNativeTarget "Diplo" */;
			buildPhases = (
				D86A9A8423A82C3C0047A744 /* Sources */,
				D86A9A8523A82C3C0047A744 /* Frameworks */,
				D86A9A8623A82C3C0047A744 /* Resources */,
			);
			buildRules = (
			);
			dependencies = (
			);
			name = Diplo;
			packageProductDependencies = (
				D89AD9EA23BBA98A006540EB /* SwiftPackageProductDependency */,
				D843435D23BC809A00D33552 /* SwiftPackageProductDependency */,
			);
			productName = Diplo;
			productReference = D86A9A8823A82C3C0047A744 /* Diplo.app */;
			productType = "com.apple.product-type.application";
		};
/* End PBXNativeTarget section */

/* Begin PBXProject section */
		D86A9A8023A82C3C0047A744 /* Project object */ = {
			isa = PBXProject;
			attributes = {
				LastSwiftUpdateCheck = 1130;
				LastUpgradeCheck = 1130;
				ORGANIZATIONNAME = "State Love";
				TargetAttributes = {
					D86A9A8723A82C3C0047A744 = {
						CreatedOnToolsVersion = 11.3;
					};
				};
			};
			buildConfigurationList = D86A9A8323A82C3C0047A744 /* Build configuration list for PBXProject "Diplo" */;
			compatibilityVersion = "Xcode 9.3";
			developmentRegion = en;
			hasScannedForEncodings = 0;
			knownRegions = (
				en,
				Base,
				de,
			);
			mainGroup = D86A9A7F23A82C3C0047A744;
			packageReferences = (
				D89AD9E923BBA98A006540EB /* RemoteSwiftPackageReference */,
				D843435C23BC809A00D33552 /* RemoteSwiftPackageReference */,
			);
			productRefGroup = D86A9A8923A82C3C0047A744 /* Products */;
			projectDirPath = "";
			projectRoot = "";
			targets = (
				D86A9A8723A82C3C0047A744 /* Diplo */,
			);
		};
/* End PBXProject section */

/* Begin PBXResourcesBuildPhase section */
		D86A9A8623A82C3C0047A744 /* Resources */ = {
			isa = PBXResourcesBuildPhase;
			buildActionMask = 2147483647;
			files = (
				D86A9A9B23A82C3C0047A744 /* LaunchScreen.storyboard in Resources */,
				D8B5C20C23B643BB008958AD /* Localizable.strings in Resources */,
				D86A9A9823A82C3C0047A744 /* Preview Assets.xcassets in Resources */,
				D86A9A9523A82C3C0047A744 /* Assets.xcassets in Resources */,
			);
			runOnlyForDeploymentPostprocessing = 0;
		};
/* End PBXResourcesBuildPhase section */

/* Begin PBXSourcesBuildPhase section */
		D86A9A8423A82C3C0047A744 /* Sources */ = {
			isa = PBXSourcesBuildPhase;
			buildActionMask = 2147483647;
			files = (
				D89ADA0A23BBAB6B006540EB /* String+Extension.swift in Sources */,
				D841B51E23BB8DE10071812B /* ViewRouter.swift in Sources */,
				D89ADA1323BBABFE006540EB /* ActivityIndicator.swift in Sources */,
				D86A9A8C23A82C3C0047A744 /* AppDelegate.swift in Sources */,
				D89ADA1523BBAC22006540EB /* SafariView.swift in Sources */,
				D89AD9F523BBAA44006540EB /* APIProvider.swift in Sources */,
				D89ADA2C23BBAE90006540EB /* ArticlesFromCategoryViewModel.swift in Sources */,
				D89ADA2623BBAE3E006540EB /* PageViewController.swift in Sources */,
				D89AD9FB23BBAA9A006540EB /* ArticleEndpoint.swift in Sources */,
				D88EC10E23BC6E7E00E623F5 /* ArticlesFromCategoryView.swift in Sources */,
				D89ADA2023BBADA1006540EB /* NewsViewModel.swift in Sources */,
				D89AD9F923BBAA82006540EB /* EndpointProtocol.swift in Sources */,
				D841B51A23BB525F0071812B /* ContentView.swift in Sources */,
				D89ADA2423BBAE24006540EB /* TopHeadlineRow.swift in Sources */,
				D89ADA0423BBAB10006540EB /* ArticlesResponse.swift in Sources */,
				D89ADA2823BBAE53006540EB /* PageView.swift in Sources */,
				D89AD9F723BBAA63006540EB /* APIProviderErrors.swift in Sources */,
				D89ADA2223BBAE0F006540EB /* TopHeadlinesView.swift in Sources */,
				D89ADA0623BBAB27006540EB /* Sources.swift in Sources */,
				D838703823BC772C00B23A7E /* LottieView.swift in Sources */,
				D88EC10C23BC6E4F00E623F5 /* Container.swift in Sources */,
				D89ADA0223BBAAF5006540EB /* ArticleSource.swift in Sources */,
				D86A9A8E23A82C3C0047A744 /* SceneDelegate.swift in Sources */,
				D89ADA1723BBAC4B006540EB /* ArticlesList.swift in Sources */,
				D8C7ACF223AD2E600074B378 /* CitizenModel.xcdatamodeld in Sources */,
				D89DB29623BC721600B9A919 /* BlurView.swift in Sources */,
				D89ADA0023BBAAE2006540EB /* Articles.swift in Sources */,
				D89AD9F323BBAA25006540EB /* APIErrors.swift in Sources */,
				D89ADA0823BBAB41006540EB /* SourcesResponse.swift in Sources */,
				D89ADA1923BBAC65006540EB /* ArticleRow.swift in Sources */,
				D843436023BC899F00D33552 /* TabedView.swift in Sources */,
				D89ADA1E23BBAD85006540EB /* NewsView.swift in Sources */,
				D89ADA0E23BBAB9B006540EB /* Date+Extension.swift in Sources */,
			);
			runOnlyForDeploymentPostprocessing = 0;
		};
/* End PBXSourcesBuildPhase section */

/* Begin PBXVariantGroup section */
		D86A9A9923A82C3C0047A744 /* LaunchScreen.storyboard */ = {
			isa = PBXVariantGroup;
			children = (
				D86A9A9A23A82C3C0047A744 /* Base */,
			);
			name = LaunchScreen.storyboard;
			sourceTree = "<group>";
		};
		D8B5C20E23B643BB008958AD /* Localizable.strings */ = {
			isa = PBXVariantGroup;
			children = (
				D8B5C20D23B643BB008958AD /* de */,
			);
			name = Localizable.strings;
			sourceTree = "<group>";
		};
/* End PBXVariantGroup section */

/* Begin XCBuildConfiguration section */
		D86A9A9D23A82C3C0047A744 /* Debug */ = {
			isa = XCBuildConfiguration;
			buildSettings = {
				ALWAYS_SEARCH_USER_PATHS = NO;
				CLANG_ANALYZER_LOCALIZABILITY_NONLOCALIZED = YES;
				CLANG_ANALYZER_NONNULL = YES;
				CLANG_ANALYZER_NUMBER_OBJECT_CONVERSION = YES_AGGRESSIVE;
				CLANG_CXX_LANGUAGE_STANDARD = "gnu++14";
				CLANG_CXX_LIBRARY = "libc++";
				CLANG_ENABLE_MODULES = YES;
				CLANG_ENABLE_OBJC_ARC = YES;
				CLANG_ENABLE_OBJC_WEAK = YES;
				CLANG_WARN_BLOCK_CAPTURE_AUTORELEASING = YES;
				CLANG_WARN_BOOL_CONVERSION = YES;
				CLANG_WARN_COMMA = YES;
				CLANG_WARN_CONSTANT_CONVERSION = YES;
				CLANG_WARN_DEPRECATED_OBJC_IMPLEMENTATIONS = YES;
				CLANG_WARN_DIRECT_OBJC_ISA_USAGE = YES_ERROR;
				CLANG_WARN_DOCUMENTATION_COMMENTS = YES;
				CLANG_WARN_EMPTY_BODY = YES;
				CLANG_WARN_ENUM_CONVERSION = YES;
				CLANG_WARN_INFINITE_RECURSION = YES;
				CLANG_WARN_INT_CONVERSION = YES;
				CLANG_WARN_NON_LITERAL_NULL_CONVERSION = YES;
				CLANG_WARN_OBJC_IMPLICIT_RETAIN_SELF = YES;
				CLANG_WARN_OBJC_LITERAL_CONVERSION = YES;
				CLANG_WARN_OBJC_ROOT_CLASS = YES_ERROR;
				CLANG_WARN_RANGE_LOOP_ANALYSIS = YES;
				CLANG_WARN_STRICT_PROTOTYPES = YES;
				CLANG_WARN_SUSPICIOUS_MOVE = YES;
				CLANG_WARN_UNGUARDED_AVAILABILITY = YES_AGGRESSIVE;
				CLANG_WARN_UNREACHABLE_CODE = YES;
				CLANG_WARN__DUPLICATE_METHOD_MATCH = YES;
				COPY_PHASE_STRIP = NO;
				DEBUG_INFORMATION_FORMAT = dwarf;
				ENABLE_STRICT_OBJC_MSGSEND = YES;
				ENABLE_TESTABILITY = YES;
				GCC_C_LANGUAGE_STANDARD = gnu11;
				GCC_DYNAMIC_NO_PIC = NO;
				GCC_NO_COMMON_BLOCKS = YES;
				GCC_OPTIMIZATION_LEVEL = 0;
				GCC_PREPROCESSOR_DEFINITIONS = (
					"DEBUG=1",
					"$(inherited)",
				);
				GCC_WARN_64_TO_32_BIT_CONVERSION = YES;
				GCC_WARN_ABOUT_RETURN_TYPE = YES_ERROR;
				GCC_WARN_UNDECLARED_SELECTOR = YES;
				GCC_WARN_UNINITIALIZED_AUTOS = YES_AGGRESSIVE;
				GCC_WARN_UNUSED_FUNCTION = YES;
				GCC_WARN_UNUSED_VARIABLE = YES;
				IPHONEOS_DEPLOYMENT_TARGET = 13.2;
				MTL_ENABLE_DEBUG_INFO = INCLUDE_SOURCE;
				MTL_FAST_MATH = YES;
				ONLY_ACTIVE_ARCH = YES;
				SDKROOT = iphoneos;
				SWIFT_ACTIVE_COMPILATION_CONDITIONS = DEBUG;
				SWIFT_OPTIMIZATION_LEVEL = "-Onone";
			};
			name = Debug;
		};
		D86A9A9E23A82C3C0047A744 /* Release */ = {
			isa = XCBuildConfiguration;
			buildSettings = {
				ALWAYS_SEARCH_USER_PATHS = NO;
				CLANG_ANALYZER_LOCALIZABILITY_NONLOCALIZED = YES;
				CLANG_ANALYZER_NONNULL = YES;
				CLANG_ANALYZER_NUMBER_OBJECT_CONVERSION = YES_AGGRESSIVE;
				CLANG_CXX_LANGUAGE_STANDARD = "gnu++14";
				CLANG_CXX_LIBRARY = "libc++";
				CLANG_ENABLE_MODULES = YES;
				CLANG_ENABLE_OBJC_ARC = YES;
				CLANG_ENABLE_OBJC_WEAK = YES;
				CLANG_WARN_BLOCK_CAPTURE_AUTORELEASING = YES;
				CLANG_WARN_BOOL_CONVERSION = YES;
				CLANG_WARN_COMMA = YES;
				CLANG_WARN_CONSTANT_CONVERSION = YES;
				CLANG_WARN_DEPRECATED_OBJC_IMPLEMENTATIONS = YES;
				CLANG_WARN_DIRECT_OBJC_ISA_USAGE = YES_ERROR;
				CLANG_WARN_DOCUMENTATION_COMMENTS = YES;
				CLANG_WARN_EMPTY_BODY = YES;
				CLANG_WARN_ENUM_CONVERSION = YES;
				CLANG_WARN_INFINITE_RECURSION = YES;
				CLANG_WARN_INT_CONVERSION = YES;
				CLANG_WARN_NON_LITERAL_NULL_CONVERSION = YES;
				CLANG_WARN_OBJC_IMPLICIT_RETAIN_SELF = YES;
				CLANG_WARN_OBJC_LITERAL_CONVERSION = YES;
				CLANG_WARN_OBJC_ROOT_CLASS = YES_ERROR;
				CLANG_WARN_RANGE_LOOP_ANALYSIS = YES;
				CLANG_WARN_STRICT_PROTOTYPES = YES;
				CLANG_WARN_SUSPICIOUS_MOVE = YES;
				CLANG_WARN_UNGUARDED_AVAILABILITY = YES_AGGRESSIVE;
				CLANG_WARN_UNREACHABLE_CODE = YES;
				CLANG_WARN__DUPLICATE_METHOD_MATCH = YES;
				COPY_PHASE_STRIP = NO;
				DEBUG_INFORMATION_FORMAT = "dwarf-with-dsym";
				ENABLE_NS_ASSERTIONS = NO;
				ENABLE_STRICT_OBJC_MSGSEND = YES;
				GCC_C_LANGUAGE_STANDARD = gnu11;
				GCC_NO_COMMON_BLOCKS = YES;
				GCC_WARN_64_TO_32_BIT_CONVERSION = YES;
				GCC_WARN_ABOUT_RETURN_TYPE = YES_ERROR;
				GCC_WARN_UNDECLARED_SELECTOR = YES;
				GCC_WARN_UNINITIALIZED_AUTOS = YES_AGGRESSIVE;
				GCC_WARN_UNUSED_FUNCTION = YES;
				GCC_WARN_UNUSED_VARIABLE = YES;
				IPHONEOS_DEPLOYMENT_TARGET = 13.2;
				MTL_ENABLE_DEBUG_INFO = NO;
				MTL_FAST_MATH = YES;
				SDKROOT = iphoneos;
				SWIFT_COMPILATION_MODE = wholemodule;
				SWIFT_OPTIMIZATION_LEVEL = "-O";
				VALIDATE_PRODUCT = YES;
			};
			name = Release;
		};
		D86A9AA023A82C3C0047A744 /* Debug */ = {
			isa = XCBuildConfiguration;
			buildSettings = {
				ASSETCATALOG_COMPILER_APPICON_NAME = AppIcon;
				CODE_SIGN_STYLE = Automatic;
				CURRENT_PROJECT_VERSION = 0.01a;
				DEVELOPMENT_ASSET_PATHS = "\"Diplo/Preview Content\"";
				DEVELOPMENT_TEAM = CQ3X3HJ842;
				ENABLE_PREVIEWS = YES;
				INFOPLIST_FILE = Diplo/Info.plist;
				LD_RUNPATH_SEARCH_PATHS = (
					"$(inherited)",
					"@executable_path/Frameworks",
				);
				MARKETING_VERSION = 0.01a;
				PRODUCT_BUNDLE_IDENTIFIER = com.StateLove.Diplo;
				PRODUCT_NAME = "$(TARGET_NAME)";
				SWIFT_VERSION = 5.0;
				TARGETED_DEVICE_FAMILY = "1,2";
			};
			name = Debug;
		};
		D86A9AA123A82C3C0047A744 /* Release */ = {
			isa = XCBuildConfiguration;
			buildSettings = {
				ASSETCATALOG_COMPILER_APPICON_NAME = AppIcon;
				CODE_SIGN_STYLE = Automatic;
				CURRENT_PROJECT_VERSION = 0.01a;
				DEVELOPMENT_ASSET_PATHS = "\"Diplo/Preview Content\"";
				DEVELOPMENT_TEAM = CQ3X3HJ842;
				ENABLE_PREVIEWS = YES;
				INFOPLIST_FILE = Diplo/Info.plist;
				LD_RUNPATH_SEARCH_PATHS = (
					"$(inherited)",
					"@executable_path/Frameworks",
				);
				MARKETING_VERSION = 0.01a;
				PRODUCT_BUNDLE_IDENTIFIER = com.StateLove.Diplo;
				PRODUCT_NAME = "$(TARGET_NAME)";
				SWIFT_VERSION = 5.0;
				TARGETED_DEVICE_FAMILY = "1,2";
			};
			name = Release;
		};
/* End XCBuildConfiguration section */

/* Begin XCConfigurationList section */
		D86A9A8323A82C3C0047A744 /* Build configuration list for PBXProject "Diplo" */ = {
			isa = XCConfigurationList;
			buildConfigurations = (
				D86A9A9D23A82C3C0047A744 /* Debug */,
				D86A9A9E23A82C3C0047A744 /* Release */,
			);
			defaultConfigurationIsVisible = 0;
			defaultConfigurationName = Release;
		};
		D86A9A9F23A82C3C0047A744 /* Build configuration list for PBXNativeTarget "Diplo" */ = {
			isa = XCConfigurationList;
			buildConfigurations = (
				D86A9AA023A82C3C0047A744 /* Debug */,
				D86A9AA123A82C3C0047A744 /* Release */,
			);
			defaultConfigurationIsVisible = 0;
			defaultConfigurationName = Release;
		};
/* End XCConfigurationList section */

/* Begin XCRemoteSwiftPackageReference section */
		D843435C23BC809A00D33552 /* RemoteSwiftPackageReference */ = {
			isa = XCRemoteSwiftPackageReference;
			repositoryURL = "https://github.com/airbnb/lottie-ios.git";
			requirement = {
				kind = upToNextMajorVersion;
				minimumVersion = 3.1.5;
			};
		};
		D89AD9E923BBA98A006540EB /* RemoteSwiftPackageReference */ = {
			isa = XCRemoteSwiftPackageReference;
			repositoryURL = "https://github.com/onevcat/Kingfisher.git";
			requirement = {
				kind = upToNextMajorVersion;
				minimumVersion = 5.12.0;
			};
		};
/* End XCRemoteSwiftPackageReference section */

/* Begin XCSwiftPackageProductDependency section */
		D843435D23BC809A00D33552 /* SwiftPackageProductDependency */ = {
			isa = XCSwiftPackageProductDependency;
			package = D843435C23BC809A00D33552 /* RemoteSwiftPackageReference */;
			productName = Lottie;
		};
		D89AD9EA23BBA98A006540EB /* SwiftPackageProductDependency */ = {
			isa = XCSwiftPackageProductDependency;
			package = D89AD9E923BBA98A006540EB /* RemoteSwiftPackageReference */;
			productName = KingfisherSwiftUI;
		};
/* End XCSwiftPackageProductDependency section */

/* Begin XCVersionGroup section */
		D8C7ACF023AD2E600074B378 /* CitizenModel.xcdatamodeld */ = {
			isa = XCVersionGroup;
			children = (
				D8C7ACF123AD2E600074B378 /* Model.xcdatamodel */,
			);
			currentVersion = D8C7ACF123AD2E600074B378 /* Model.xcdatamodel */;
			path = CitizenModel.xcdatamodeld;
			sourceTree = "<group>";
			versionGroupType = wrapper.xcdatamodel;
		};
/* End XCVersionGroup section */
	};
	rootObject = D86A9A8023A82C3C0047A744 /* Project object */;
}
